// !$*UTF8*$!
{
	archiveVersion = 1;
	classes = {
	};
	objectVersion = 77;
	objects = {

/* Begin PBXBuildFile section */
		BB8B87F62FFF8A1100A67955 /* lanlu.icon in Resources */ = {isa = PBXBuildFile; fileRef = BB8B87F52FFF8A1100A67955 /* lanlu.icon */; };
		BB8B89B4300649EC00A67955 /* README.md in Sources */ = {isa = PBXBuildFile; fileRef = BB8B89B3300649E600A67955 /* README.md */; };
/* End PBXBuildFile section */

/* Begin PBXContainerItemProxy section */
		BB1D44C12FFE91D30079F88B /* PBXContainerItemProxy */ = {
			isa = PBXContainerItemProxy;
			containerPortal = BB1D44A92FFE91D20079F88B /* Project object */;
			proxyType = 1;
			remoteGlobalIDString = BB1D44B02FFE91D20079F88B;
			remoteInfo = lanlu;
		};
		BB1D44CB2FFE91D30079F88B /* PBXContainerItemProxy */ = {
			isa = PBXContainerItemProxy;
			containerPortal = BB1D44A92FFE91D20079F88B /* Project object */;
			proxyType = 1;
			remoteGlobalIDString = BB1D44B02FFE91D20079F88B;
			remoteInfo = lanlu;
		};
/* End PBXContainerItemProxy section */

/* Begin PBXFileReference section */
		BB1D44B12FFE91D20079F88B /* lanlu.app */ = {isa = PBXFileReference; explicitFileType = wrapper.application; includeInIndex = 0; path = lanlu.app; sourceTree = BUILT_PRODUCTS_DIR; };
		BB1D44C02FFE91D30079F88B /* lanluTests.xctest */ = {isa = PBXFileReference; explicitFileType = wrapper.cfbundle; includeInIndex = 0; path = lanluTests.xctest; sourceTree = BUILT_PRODUCTS_DIR; };
		BB1D44CA2FFE91D30079F88B /* lanluUITests.xctest */ = {isa = PBXFileReference; explicitFileType = wrapper.cfbundle; includeInIndex = 0; path = lanluUITests.xctest; sourceTree = BUILT_PRODUCTS_DIR; };
		BB8B87F52FFF8A1100A67955 /* lanlu.icon */ = {isa = PBXFileReference; lastKnownFileType = folder.iconcomposer.icon; path = lanlu.icon; sourceTree = "<group>"; };
		BB8B89B3300649E600A67955 /* README.md */ = {isa = PBXFileReference; lastKnownFileType = sourcecode.swift; path = README.md; sourceTree = "<group>"; };
/* End PBXFileReference section */

/* Begin PBXFileSystemSynchronizedBuildFileExceptionSet section */
		BB8B89AE3003EE7000A67955 /* Exceptions for "lanlu" folder in "lanlu" target */ = {
			isa = PBXFileSystemSynchronizedBuildFileExceptionSet;
			membershipExceptions = (
				Info.plist,
			);
			target = BB1D44B02FFE91D20079F88B /* lanlu */;
		};
/* End PBXFileSystemSynchronizedBuildFileExceptionSet section */

/* Begin PBXFileSystemSynchronizedRootGroup section */
		BB1D44B32FFE91D20079F88B /* lanlu */ = {
			isa = PBXFileSystemSynchronizedRootGroup;
			exceptions = (
				BB8B89AE3003EE7000A67955 /* Exceptions for "lanlu" folder in "lanlu" target */,
			);
			path = lanlu;
			sourceTree = "<group>";
		};
		BB1D44C32FFE91D30079F88B /* lanluTests */ = {
			isa = PBXFileSystemSynchronizedRootGroup;
			path = lanluTests;
			sourceTree = "<group>";
		};
		BB1D44CD2FFE91D30079F88B /* lanluUITests */ = {
			isa = PBXFileSystemSynchronizedRootGroup;
			path = lanluUITests;
			sourceTree = "<group>";
		};
/* End PBXFileSystemSynchronizedRootGroup section */

/* Begin PBXFrameworksBuildPhase section */
		BB1D44AE2FFE91D20079F88B /* Frameworks */ = {
			isa = PBXFrameworksBuildPhase;
			buildActionMask = 2147483647;
			files = (
			);
			runOnlyForDeploymentPostprocessing = 0;
		};
		BB1D44BD2FFE91D30079F88B /* Frameworks */ = {
			isa = PBXFrameworksBuildPhase;
			buildActionMask = 2147483647;
			files = (
			);
			runOnlyForDeploymentPostprocessing = 0;
		};
		BB1D44C72FFE91D30079F88B /* Frameworks */ = {
			isa = PBXFrameworksBuildPhase;
			buildActionMask = 2147483647;
			files = (
			);
			runOnlyForDeploymentPostprocessing = 0;
		};
/* End PBXFrameworksBuildPhase section */

/* Begin PBXGroup section */
		BB1D44A82FFE91D20079F88B = {
			isa = PBXGroup;
			children = (
				BB8B89B3300649E600A67955 /* README.md */,
				BB1D44B32FFE91D20079F88B /* lanlu */,
				BB1D44C32FFE91D30079F88B /* lanluTests */,
				BB1D44CD2FFE91D30079F88B /* lanluUITests */,
				BB1D44B22FFE91D20079F88B /* Products */,
				BB8B87F52FFF8A1100A67955 /* lanlu.icon */,
			);
			sourceTree = "<group>";
		};
		BB1D44B22FFE91D20079F88B /* Products */ = {
			isa = PBXGroup;
			children = (
				BB1D44B12FFE91D20079F88B /* lanlu.app */,
				BB1D44C02FFE91D30079F88B /* lanluTests.xctest */,
				BB1D44CA2FFE91D30079F88B /* lanluUITests.xctest */,
			);
			name = Products;
			sourceTree = "<group>";
		};
/* End PBXGroup section */

/* Begin PBXNativeTarget section */
		BB1D44B02FFE91D20079F88B /* lanlu */ = {
			isa = PBXNativeTarget;
			buildConfigurationList = BB1D44D42FFE91D30079F88B /* Build configuration list for PBXNativeTarget "lanlu" */;
			buildPhases = (
				BB1D44AD2FFE91D20079F88B /* Sources */,
				BB1D44AE2FFE91D20079F88B /* Frameworks */,
				BB1D44AF2FFE91D20079F88B /* Resources */,
			);
			buildRules = (
			);
			dependencies = (
			);
			fileSystemSynchronizedGroups = (
				BB1D44B32FFE91D20079F88B /* lanlu */,
			);
			name = lanlu;
			packageProductDependencies = (
			);
			productName = lanlu;
			productReference = BB1D44B12FFE91D20079F88B /* lanlu.app */;
			productType = "com.apple.product-type.application";
		};
		BB1D44BF2FFE91D30079F88B /* lanluTests */ = {
			isa = PBXNativeTarget;
			buildConfigurationList = BB1D44D72FFE91D30079F88B /* Build configuration list for PBXNativeTarget "lanluTests" */;
			buildPhases = (
				BB1D44BC2FFE91D30079F88B /* Sources */,
				BB1D44BD2FFE91D30079F88B /* Frameworks */,
				BB1D44BE2FFE91D30079F88B /* Resources */,
			);
			buildRules = (
			);
			dependencies = (
				BB1D44C22FFE91D30079F88B /* PBXTargetDependency */,
			);
			fileSystemSynchronizedGroups = (
				BB1D44C32FFE91D30079F88B /* lanluTests */,
			);
			name = lanluTests;
			packageProductDependencies = (
			);
			productName = lanluTests;
			productReference = BB1D44C02FFE91D30079F88B /* lanluTests.xctest */;
			productType = "com.apple.product-type.bundle.unit-test";
		};
		BB1D44C92FFE91D30079F88B /* lanluUITests */ = {
			isa = PBXNativeTarget;
			buildConfigurationList = BB1D44DA2FFE91D30079F88B /* Build configuration list for PBXNativeTarget "lanluUITests" */;
			buildPhases = (
				BB1D44C62FFE91D30079F88B /* Sources */,
				BB1D44C72FFE91D30079F88B /* Frameworks */,
				BB1D44C82FFE91D30079F88B /* Resources */,
			);
			buildRules = (
			);
			dependencies = (
				BB1D44CC2FFE91D30079F88B /* PBXTargetDependency */,
			);
			fileSystemSynchronizedGroups = (
				BB1D44CD2FFE91D30079F88B /* lanluUITests */,
			);
			name = lanluUITests;
			packageProductDependencies = (
			);
			productName = lanluUITests;
			productReference = BB1D44CA2FFE91D30079F88B /* lanluUITests.xctest */;
			productType = "com.apple.product-type.bundle.ui-testing";
		};
/* End PBXNativeTarget section */

/* Begin PBXProject section */
		BB1D44A92FFE91D20079F88B /* Project object */ = {
			isa = PBXProject;
			attributes = {
				BuildIndependentTargetsInParallel = 1;
				LastSwiftUpdateCheck = 2640;
				LastUpgradeCheck = 2640;
				TargetAttributes = {
					BB1D44B02FFE91D20079F88B = {
						CreatedOnToolsVersion = 26.4.1;
					};
					BB1D44BF2FFE91D30079F88B = {
						CreatedOnToolsVersion = 26.4.1;
						TestTargetID = BB1D44B02FFE91D20079F88B;
					};
					BB1D44C92FFE91D30079F88B = {
						CreatedOnToolsVersion = 26.4.1;
						TestTargetID = BB1D44B02FFE91D20079F88B;
					};
				};
			};
			buildConfigurationList = BB1D44AC2FFE91D20079F88B /* Build configuration list for PBXProject "lanlu" */;
			developmentRegion = en;
			hasScannedForEncodings = 0;
			knownRegions = (
				en,
				Base,
				"zh-Hans",
				"zh-Hant",
			);
			mainGroup = BB1D44A82FFE91D20079F88B;
			minimizedProjectReferenceProxies = 1;
			preferredProjectObjectVersion = 77;
			productRefGroup = BB1D44B22FFE91D20079F88B /* Products */;
			projectDirPath = "";
			projectRoot = "";
			targets = (
				BB1D44B02FFE91D20079F88B /* lanlu */,
				BB1D44BF2FFE91D30079F88B /* lanluTests */,
				BB1D44C92FFE91D30079F88B /* lanluUITests */,
			);
		};
/* End PBXProject section */

/* Begin PBXResourcesBuildPhase section */
		BB1D44AF2FFE91D20079F88B /* Resources */ = {
			isa = PBXResourcesBuildPhase;
			buildActionMask = 2147483647;
			files = (
				BB8B87F62FFF8A1100A67955 /* lanlu.icon in Resources */,
			);
			runOnlyForDeploymentPostprocessing = 0;
		};
		BB1D44BE2FFE91D30079F88B /* Resources */ = {
			isa = PBXResourcesBuildPhase;
			buildActionMask = 2147483647;
			files = (
			);
			runOnlyForDeploymentPostprocessing = 0;
		};
		BB1D44C82FFE91D30079F88B /* Resources */ = {
			isa = PBXResourcesBuildPhase;
			buildActionMask = 2147483647;
			files = (
			);
			runOnlyForDeploymentPostprocessing = 0;
		};
/* End PBXResourcesBuildPhase section */

/* Begin PBXSourcesBuildPhase section */
		BB1D44AD2FFE91D20079F88B /* Sources */ = {
			isa = PBXSourcesBuildPhase;
			buildActionMask = 2147483647;
			files = (
				BB8B89B4300649EC00A67955 /* README.md in Sources */,
			);
			runOnlyForDeploymentPostprocessing = 0;
		};
		BB1D44BC2FFE91D30079F88B /* Sources */ = {
			isa = PBXSourcesBuildPhase;
			buildActionMask = 2147483647;
			files = (
			);
			runOnlyForDeploymentPostprocessing = 0;
		};
		BB1D44C62FFE91D30079F88B /* Sources */ = {
			isa = PBXSourcesBuildPhase;
			buildActionMask = 2147483647;
			files = (
			);
			runOnlyForDeploymentPostprocessing = 0;
		};
/* End PBXSourcesBuildPhase section */

/* Begin PBXTargetDependency section */
		BB1D44C22FFE91D30079F88B /* PBXTargetDependency */ = {
			isa = PBXTargetDependency;
			target = BB1D44B02FFE91D20079F88B /* lanlu */;
			targetProxy = BB1D44C12FFE91D30079F88B /* PBXContainerItemProxy */;
		};
		BB1D44CC2FFE91D30079F88B /* PBXTargetDependency */ = {
			isa = PBXTargetDependency;
			target = BB1D44B02FFE91D20079F88B /* lanlu */;
			targetProxy = BB1D44CB2FFE91D30079F88B /* PBXContainerItemProxy */;
		};
/* End PBXTargetDependency section */

/* Begin XCBuildConfiguration section */
		BB1D44D22FFE91D30079F88B /* Debug */ = {
			isa = XCBuildConfiguration;
			buildSettings = {
				ALWAYS_SEARCH_USER_PATHS = NO;
				ASSETCATALOG_COMPILER_GENERATE_SWIFT_ASSET_SYMBOL_EXTENSIONS = YES;
				CLANG_ANALYZER_NONNULL = YES;
				CLANG_ANALYZER_NUMBER_OBJECT_CONVERSION = YES_AGGRESSIVE;
				CLANG_CXX_LANGUAGE_STANDARD = "gnu++20";
				CLANG_ENABLE_MODULES = YES;
				CLANG_ENABLE_OBJC_ARC = YES;
				CLANG_ENABLE_OBJC_WEAK = YES;
				CLANG_WARN_BLOCK_CAPTURE_AUTORELEASING = YES;
				CLANG_WARN_BOOL_CONVERSION = YES;
				CLANG_WARN_COMMA = YES;
				CLANG_WARN_CONSTANT_CONVERSION = YES;
				CLANG_WARN_DEPRECATED_OBJC_IMPLEMENTATIONS = YES;
				CLANG_WARN_DIRECT_OBJC_ISA_USAGE = YES_ERROR;
				CLANG_WARN_DOCUMENTATION_COMMENTS = YES;
				CLANG_WARN_EMPTY_BODY = YES;
				CLANG_WARN_ENUM_CONVERSION = YES;
				CLANG_WARN_INFINITE_RECURSION = YES;
				CLANG_WARN_INT_CONVERSION = YES;
				CLANG_WARN_NON_LITERAL_NULL_CONVERSION = YES;
				CLANG_WARN_OBJC_IMPLICIT_RETAIN_SELF = YES;
				CLANG_WARN_OBJC_LITERAL_CONVERSION = YES;
				CLANG_WARN_OBJC_ROOT_CLASS = YES_ERROR;
				CLANG_WARN_QUOTED_INCLUDE_IN_FRAMEWORK_HEADER = YES;
				CLANG_WARN_RANGE_LOOP_ANALYSIS = YES;
				CLANG_WARN_STRICT_PROTOTYPES = YES;
				CLANG_WARN_SUSPICIOUS_MOVE = YES;
				CLANG_WARN_UNGUARDED_AVAILABILITY = YES_AGGRESSIVE;
				CLANG_WARN_UNREACHABLE_CODE = YES;
				CLANG_WARN__DUPLICATE_METHOD_MATCH = YES;
				COPY_PHASE_STRIP = NO;
				DEBUG_INFORMATION_FORMAT = dwarf;
				DEVELOPMENT_TEAM = P4KM7Q588X;
				ENABLE_STRICT_OBJC_MSGSEND = YES;
				ENABLE_TESTABILITY = YES;
				ENABLE_USER_SCRIPT_SANDBOXING = YES;
				GCC_C_LANGUAGE_STANDARD = gnu17;
				GCC_DYNAMIC_NO_PIC = NO;
				GCC_NO_COMMON_BLOCKS = YES;
				GCC_OPTIMIZATION_LEVEL = 0;
				GCC_PREPROCESSOR_DEFINITIONS = (
					"DEBUG=1",
					"$(inherited)",
				);
				GCC_WARN_64_TO_32_BIT_CONVERSION = YES;
				GCC_WARN_ABOUT_RETURN_TYPE = YES_ERROR;
				GCC_WARN_UNDECLARED_SELECTOR = YES;
				GCC_WARN_UNINITIALIZED_AUTOS = YES_AGGRESSIVE;
				GCC_WARN_UNUSED_FUNCTION = YES;
				GCC_WARN_UNUSED_VARIABLE = YES;
				IPHONEOS_DEPLOYMENT_TARGET = 26.4;
				LOCALIZATION_PREFERS_STRING_CATALOGS = YES;
				MTL_ENABLE_DEBUG_INFO = INCLUDE_SOURCE;
				MTL_FAST_MATH = YES;
				ONLY_ACTIVE_ARCH = YES;
				SDKROOT = iphoneos;
				SWIFT_ACTIVE_COMPILATION_CONDITIONS = "DEBUG $(inherited)";
				SWIFT_OPTIMIZATION_LEVEL = "-Onone";
			};
			name = Debug;
		};
		BB1D44D32FFE91D30079F88B /* Release */ = {
			isa = XCBuildConfiguration;
			buildSettings = {
				ALWAYS_SEARCH_USER_PATHS = NO;
				ASSETCATALOG_COMPILER_GENERATE_SWIFT_ASSET_SYMBOL_EXTENSIONS = YES;
				CLANG_ANALYZER_NONNULL = YES;
				CLANG_ANALYZER_NUMBER_OBJECT_CONVERSION = YES_AGGRESSIVE;
				CLANG_CXX_LANGUAGE_STANDARD = "gnu++20";
				CLANG_ENABLE_MODULES = YES;
				CLANG_ENABLE_OBJC_ARC = YES;
				CLANG_ENABLE_OBJC_WEAK = YES;
				CLANG_WARN_BLOCK_CAPTURE_AUTORELEASING = YES;
				CLANG_WARN_BOOL_CONVERSION = YES;
				CLANG_WARN_COMMA = YES;
				CLANG_WARN_CONSTANT_CONVERSION = YES;
				CLANG_WARN_DEPRECATED_OBJC_IMPLEMENTATIONS = YES;
				CLANG_WARN_DIRECT_OBJC_ISA_USAGE = YES_ERROR;
				CLANG_WARN_DOCUMENTATION_COMMENTS = YES;
				CLANG_WARN_EMPTY_BODY = YES;
				CLANG_WARN_ENUM_CONVERSION = YES;
				CLANG_WARN_INFINITE_RECURSION = YES;
				CLANG_WARN_INT_CONVERSION = YES;
				CLANG_WARN_NON_LITERAL_NULL_CONVERSION = YES;
				CLANG_WARN_OBJC_IMPLICIT_RETAIN_SELF = YES;
				CLANG_WARN_OBJC_LITERAL_CONVERSION = YES;
				CLANG_WARN_OBJC_ROOT_CLASS = YES_ERROR;
				CLANG_WARN_QUOTED_INCLUDE_IN_FRAMEWORK_HEADER = YES;
				CLANG_WARN_RANGE_LOOP_ANALYSIS = YES;
				CLANG_WARN_STRICT_PROTOTYPES = YES;
				CLANG_WARN_SUSPICIOUS_MOVE = YES;
				CLANG_WARN_UNGUARDED_AVAILABILITY = YES_AGGRESSIVE;
				CLANG_WARN_UNREACHABLE_CODE = YES;
				CLANG_WARN__DUPLICATE_METHOD_MATCH = YES;
				COPY_PHASE_STRIP = NO;
				DEBUG_INFORMATION_FORMAT = "dwarf-with-dsym";
				DEVELOPMENT_TEAM = P4KM7Q588X;
				ENABLE_NS_ASSERTIONS = NO;
				ENABLE_STRICT_OBJC_MSGSEND = YES;
				ENABLE_USER_SCRIPT_SANDBOXING = YES;
				GCC_C_LANGUAGE_STANDARD = gnu17;
				GCC_NO_COMMON_BLOCKS = YES;
				GCC_WARN_64_TO_32_BIT_CONVERSION = YES;
				GCC_WARN_ABOUT_RETURN_TYPE = YES_ERROR;
				GCC_WARN_UNDECLARED_SELECTOR = YES;
				GCC_WARN_UNINITIALIZED_AUTOS = YES_AGGRESSIVE;
				GCC_WARN_UNUSED_FUNCTION = YES;
				GCC_WARN_UNUSED_VARIABLE = YES;
				IPHONEOS_DEPLOYMENT_TARGET = 26.4;
				LOCALIZATION_PREFERS_STRING_CATALOGS = YES;
				MTL_ENABLE_DEBUG_INFO = NO;
				MTL_FAST_MATH = YES;
				SDKROOT = iphoneos;
				SWIFT_COMPILATION_MODE = wholemodule;
				VALIDATE_PRODUCT = YES;
			};
			name = Release;
		};
		BB1D44D52FFE91D30079F88B /* Debug */ = {
			isa = XCBuildConfiguration;
			buildSettings = {
				ASSETCATALOG_COMPILER_APPICON_NAME = lanlu;
				ASSETCATALOG_COMPILER_GLOBAL_ACCENT_COLOR_NAME = AccentColor;
				CODE_SIGN_STYLE = Automatic;
				CURRENT_PROJECT_VERSION = 1;
				DEVELOPMENT_TEAM = P4KM7Q588X;
				ENABLE_PREVIEWS = YES;
				GENERATE_INFOPLIST_FILE = YES;
				INFOPLIST_FILE = lanlu/Info.plist;
				INFOPLIST_KEY_CFBundleLocalizations = "en zh-Hans zh-Hant";
				INFOPLIST_KEY_UIApplicationSceneManifest_Generation = YES;
				INFOPLIST_KEY_UIApplicationSupportsIndirectInputEvents = YES;
				INFOPLIST_KEY_UILaunchScreen_Generation = YES;
				INFOPLIST_KEY_UISupportedInterfaceOrientations_iPad = "UIInterfaceOrientationPortrait UIInterfaceOrientationPortraitUpsideDown UIInterfaceOrientationLandscapeLeft UIInterfaceOrientationLandscapeRight";
				INFOPLIST_KEY_UISupportedInterfaceOrientations_iPhone = "UIInterfaceOrientationPortrait UIInterfaceOrientationLandscapeLeft UIInterfaceOrientationLandscapeRight";
				LD_RUNPATH_SEARCH_PATHS = (
					"$(inherited)",
					"@executable_path/Frameworks",
				);
				MARKETING_VERSION = 1.0;
				PRODUCT_BUNDLE_IDENTIFIER = net.deechael.lanlu;
				PRODUCT_NAME = "$(TARGET_NAME)";
				STRING_CATALOG_GENERATE_SYMBOLS = YES;
				SWIFT_APPROACHABLE_CONCURRENCY = YES;
				SWIFT_DEFAULT_ACTOR_ISOLATION = MainActor;
				SWIFT_EMIT_LOC_STRINGS = YES;
				SWIFT_UPCOMING_FEATURE_MEMBER_IMPORT_VISIBILITY = YES;
				SWIFT_VERSION = 5.0;
				TARGETED_DEVICE_FAMILY = "1,2";
			};
			name = Debug;
		};
		BB1D44D62FFE91D30079F88B /* Release */ = {
			isa = XCBuildConfiguration;
			buildSettings = {
				ASSETCATALOG_COMPILER_APPICON_NAME = lanlu;
				ASSETCATALOG_COMPILER_GLOBAL_ACCENT_COLOR_NAME = AccentColor;
				CODE_SIGN_STYLE = Automatic;
				CURRENT_PROJECT_VERSION = 1;
				DEVELOPMENT_TEAM = P4KM7Q588X;
				ENABLE_PREVIEWS = YES;
				GENERATE_INFOPLIST_FILE = YES;
				INFOPLIST_FILE = lanlu/Info.plist;
				INFOPLIST_KEY_CFBundleLocalizations = "en zh-Hans zh-Hant";
				INFOPLIST_KEY_UIApplicationSceneManifest_Generation = YES;
				INFOPLIST_KEY_UIApplicationSupportsIndirectInputEvents = YES;
				INFOPLIST_KEY_UILaunchScreen_Generation = YES;
				INFOPLIST_KEY_UISupportedInterfaceOrientations_iPad = "UIInterfaceOrientationPortrait UIInterfaceOrientationPortraitUpsideDown UIInterfaceOrientationLandscapeLeft UIInterfaceOrientationLandscapeRight";
				INFOPLIST_KEY_UISupportedInterfaceOrientations_iPhone = "UIInterfaceOrientationPortrait UIInterfaceOrientationLandscapeLeft UIInterfaceOrientationLandscapeRight";
				LD_RUNPATH_SEARCH_PATHS = (
					"$(inherited)",
					"@executable_path/Frameworks",
				);
				MARKETING_VERSION = 1.0;
				PRODUCT_BUNDLE_IDENTIFIER = net.deechael.lanlu;
				PRODUCT_NAME = "$(TARGET_NAME)";
				STRING_CATALOG_GENERATE_SYMBOLS = YES;
				SWIFT_APPROACHABLE_CONCURRENCY = YES;
				SWIFT_DEFAULT_ACTOR_ISOLATION = MainActor;
				SWIFT_EMIT_LOC_STRINGS = YES;
				SWIFT_UPCOMING_FEATURE_MEMBER_IMPORT_VISIBILITY = YES;
				SWIFT_VERSION = 5.0;
				TARGETED_DEVICE_FAMILY = "1,2";
			};
			name = Release;
		};
		BB1D44D82FFE91D30079F88B /* Debug */ = {
			isa = XCBuildConfiguration;
			buildSettings = {
				BUNDLE_LOADER = "$(TEST_HOST)";
				CODE_SIGN_STYLE = Automatic;
				CURRENT_PROJECT_VERSION = 1;
				DEVELOPMENT_TEAM = P4KM7Q588X;
				GENERATE_INFOPLIST_FILE = YES;
				IPHONEOS_DEPLOYMENT_TARGET = 26.4;
				MARKETING_VERSION = 1.0;
				PRODUCT_BUNDLE_IDENTIFIER = net.deechael.lanluTests;
				PRODUCT_NAME = "$(TARGET_NAME)";
				STRING_CATALOG_GENERATE_SYMBOLS = NO;
				SWIFT_APPROACHABLE_CONCURRENCY = YES;
				SWIFT_EMIT_LOC_STRINGS = NO;
				SWIFT_UPCOMING_FEATURE_MEMBER_IMPORT_VISIBILITY = YES;
				SWIFT_VERSION = 5.0;
				TARGETED_DEVICE_FAMILY = "1,2";
				TEST_HOST = "$(BUILT_PRODUCTS_DIR)/lanlu.app/$(BUNDLE_EXECUTABLE_FOLDER_PATH)/lanlu";
			};
			name = Debug;
		};
		BB1D44D92FFE91D30079F88B /* Release */ = {
			isa = XCBuildConfiguration;
			buildSettings = {
				BUNDLE_LOADER = "$(TEST_HOST)";
				CODE_SIGN_STYLE = Automatic;
				CURRENT_PROJECT_VERSION = 1;
				DEVELOPMENT_TEAM = P4KM7Q588X;
				GENERATE_INFOPLIST_FILE = YES;
				IPHONEOS_DEPLOYMENT_TARGET = 26.4;
				MARKETING_VERSION = 1.0;
				PRODUCT_BUNDLE_IDENTIFIER = net.deechael.lanluTests;
				PRODUCT_NAME = "$(TARGET_NAME)";
				STRING_CATALOG_GENERATE_SYMBOLS = NO;
				SWIFT_APPROACHABLE_CONCURRENCY = YES;
				SWIFT_EMIT_LOC_STRINGS = NO;
				SWIFT_UPCOMING_FEATURE_MEMBER_IMPORT_VISIBILITY = YES;
				SWIFT_VERSION = 5.0;
				TARGETED_DEVICE_FAMILY = "1,2";
				TEST_HOST = "$(BUILT_PRODUCTS_DIR)/lanlu.app/$(BUNDLE_EXECUTABLE_FOLDER_PATH)/lanlu";
			};
			name = Release;
		};
		BB1D44DB2FFE91D30079F88B /* Debug */ = {
			isa = XCBuildConfiguration;
			buildSettings = {
				CODE_SIGN_STYLE = Automatic;
				CURRENT_PROJECT_VERSION = 1;
				DEVELOPMENT_TEAM = P4KM7Q588X;
				GENERATE_INFOPLIST_FILE = YES;
				MARKETING_VERSION = 1.0;
				PRODUCT_BUNDLE_IDENTIFIER = net.deechael.lanluUITests;
				PRODUCT_NAME = "$(TARGET_NAME)";
				STRING_CATALOG_GENERATE_SYMBOLS = NO;
				SWIFT_APPROACHABLE_CONCURRENCY = YES;
				SWIFT_EMIT_LOC_STRINGS = NO;
				SWIFT_UPCOMING_FEATURE_MEMBER_IMPORT_VISIBILITY = YES;
				SWIFT_VERSION = 5.0;
				TARGETED_DEVICE_FAMILY = "1,2";
				TEST_TARGET_NAME = lanlu;
			};
			name = Debug;
		};
		BB1D44DC2FFE91D30079F88B /* Release */ = {
			isa = XCBuildConfiguration;
			buildSettings = {
				CODE_SIGN_STYLE = Automatic;
				CURRENT_PROJECT_VERSION = 1;
				DEVELOPMENT_TEAM = P4KM7Q588X;
				GENERATE_INFOPLIST_FILE = YES;
				MARKETING_VERSION = 1.0;
				PRODUCT_BUNDLE_IDENTIFIER = net.deechael.lanluUITests;
				PRODUCT_NAME = "$(TARGET_NAME)";
				STRING_CATALOG_GENERATE_SYMBOLS = NO;
				SWIFT_APPROACHABLE_CONCURRENCY = YES;
				SWIFT_EMIT_LOC_STRINGS = NO;
				SWIFT_UPCOMING_FEATURE_MEMBER_IMPORT_VISIBILITY = YES;
				SWIFT_VERSION = 5.0;
				TARGETED_DEVICE_FAMILY = "1,2";
				TEST_TARGET_NAME = lanlu;
			};
			name = Release;
		};
/* End XCBuildConfiguration section */

/* Begin XCConfigurationList section */
		BB1D44AC2FFE91D20079F88B /* Build configuration list for PBXProject "lanlu" */ = {
			isa = XCConfigurationList;
			buildConfigurations = (
				BB1D44D22FFE91D30079F88B /* Debug */,
				BB1D44D32FFE91D30079F88B /* Release */,
			);
			defaultConfigurationIsVisible = 0;
			defaultConfigurationName = Release;
		};
		BB1D44D42FFE91D30079F88B /* Build configuration list for PBXNativeTarget "lanlu" */ = {
			isa = XCConfigurationList;
			buildConfigurations = (
				BB1D44D52FFE91D30079F88B /* Debug */,
				BB1D44D62FFE91D30079F88B /* Release */,
			);
			defaultConfigurationIsVisible = 0;
			defaultConfigurationName = Release;
		};
		BB1D44D72FFE91D30079F88B /* Build configuration list for PBXNativeTarget "lanluTests" */ = {
			isa = XCConfigurationList;
			buildConfigurations = (
				BB1D44D82FFE91D30079F88B /* Debug */,
				BB1D44D92FFE91D30079F88B /* Release */,
			);
			defaultConfigurationIsVisible = 0;
			defaultConfigurationName = Release;
		};
		BB1D44DA2FFE91D30079F88B /* Build configuration list for PBXNativeTarget "lanluUITests" */ = {
			isa = XCConfigurationList;
			buildConfigurations = (
				BB1D44DB2FFE91D30079F88B /* Debug */,
				BB1D44DC2FFE91D30079F88B /* Release */,
			);
			defaultConfigurationIsVisible = 0;
			defaultConfigurationName = Release;
		};
/* End XCConfigurationList section */
	};
	rootObject = BB1D44A92FFE91D20079F88B /* Project object */;
}
